// !$*UTF8*$!
{
	archiveVersion = 1;
	classes = {
	};
	objectVersion = 56;
	objects = {

/* Begin PBXBuildFile section */
		99431A582FC416F6001ADEBF /* EncouragementSystem.swift in Sources */ = {isa = PBXBuildFile; fileRef = 99431A552FC416F6001ADEBF /* EncouragementSystem.swift */; };
		99431A592FC416F6001ADEBF /* DesignSystem.swift in Sources */ = {isa = PBXBuildFile; fileRef = 99431A532FC416F6001ADEBF /* DesignSystem.swift */; };
		99431A5A2FC416F6001ADEBF /* AnimationSystem.swift in Sources */ = {isa = PBXBuildFile; fileRef = 99431A522FC416F6001ADEBF /* AnimationSystem.swift */; };
		99431A5B2FC416F6001ADEBF /* DSComponents.swift in Sources */ = {isa = PBXBuildFile; fileRef = 99431A542FC416F6001ADEBF /* DSComponents.swift */; };
		99431A5C2FC416F6001ADEBF /* ThemeManager.swift in Sources */ = {isa = PBXBuildFile; fileRef = 99431A562FC416F6001ADEBF /* ThemeManager.swift */; };
		99431A6E2FC41794001ADEBF /* DSBarChart.swift in Sources */ = {isa = PBXBuildFile; fileRef = 99431A682FC41794001ADEBF /* DSBarChart.swift */; };
		99431A6F2FC41794001ADEBF /* DSHeatMap.swift in Sources */ = {isa = PBXBuildFile; fileRef = 99431A692FC41794001ADEBF /* DSHeatMap.swift */; };
		99431A702FC41794001ADEBF /* DSLineChart.swift in Sources */ = {isa = PBXBuildFile; fileRef = 99431A6A2FC41794001ADEBF /* DSLineChart.swift */; };
		99431A712FC41794001ADEBF /* DSRingChart.swift in Sources */ = {isa = PBXBuildFile; fileRef = 99431A6C2FC41794001ADEBF /* DSRingChart.swift */; };
		99431A722FC41794001ADEBF /* DSPieChart.swift in Sources */ = {isa = PBXBuildFile; fileRef = 99431A6B2FC41794001ADEBF /* DSPieChart.swift */; };
		99431A742FC41856001ADEBF /* AchievementBadge.swift in Sources */ = {isa = PBXBuildFile; fileRef = 99431A732FC41856001ADEBF /* AchievementBadge.swift */; };
		99431A762FC4186D001ADEBF /* TodayAchievementCard.swift in Sources */ = {isa = PBXBuildFile; fileRef = 99431A752FC4186D001ADEBF /* TodayAchievementCard.swift */; };
		A000000000000000000000DCE7 /* HapticFeedback.swift in Sources */ = {isa = PBXBuildFile; fileRef = A0000000000000000000A8B3CA /* HapticFeedback.swift */; };
		A00000000000000000000101 /* GaokaoCockpitApp.swift in Sources */ = {isa = PBXBuildFile; fileRef = A00000000000000000000201 /* GaokaoCockpitApp.swift */; };
		A00000000000000000000102 /* AppRootView.swift in Sources */ = {isa = PBXBuildFile; fileRef = A00000000000000000000202 /* AppRootView.swift */; };
		A00000000000000000000103 /* TodayCockpitPlaceholderView.swift in Sources */ = {isa = PBXBuildFile; fileRef = A00000000000000000000203 /* TodayCockpitPlaceholderView.swift */; };
		A00000000000000000000104 /* TaskListPlaceholderView.swift in Sources */ = {isa = PBXBuildFile; fileRef = A00000000000000000000204 /* TaskListPlaceholderView.swift */; };
		A00000000000000000000105 /* FocusSessionPlaceholderView.swift in Sources */ = {isa = PBXBuildFile; fileRef = A00000000000000000000205 /* FocusSessionPlaceholderView.swift */; };
		A00000000000000000000106 /* MistakeSurgeryPlaceholderView.swift in Sources */ = {isa = PBXBuildFile; fileRef = A00000000000000000000206 /* MistakeSurgeryPlaceholderView.swift */; };
		A00000000000000000000107 /* PromptLibraryPlaceholderView.swift in Sources */ = {isa = PBXBuildFile; fileRef = A00000000000000000000207 /* PromptLibraryPlaceholderView.swift */; };
		A00000000000000000000108 /* ReviewPlaceholderView.swift in Sources */ = {isa = PBXBuildFile; fileRef = A00000000000000000000208 /* ReviewPlaceholderView.swift */; };
		A00000000000000000000109 /* ModelDefaults.swift in Sources */ = {isa = PBXBuildFile; fileRef = A00000000000000000000240 /* ModelDefaults.swift */; };
		A00000000000000000000110 /* DayPlan.swift in Sources */ = {isa = PBXBuildFile; fileRef = A00000000000000000000241 /* DayPlan.swift */; };
		A00000000000000000000111 /* StudyTask.swift in Sources */ = {isa = PBXBuildFile; fileRef = A00000000000000000000242 /* StudyTask.swift */; };
		A00000000000000000000112 /* FocusSession.swift in Sources */ = {isa = PBXBuildFile; fileRef = A00000000000000000000243 /* FocusSession.swift */; };
		A00000000000000000000113 /* MistakeRecord.swift in Sources */ = {isa = PBXBuildFile; fileRef = A00000000000000000000244 /* MistakeRecord.swift */; };
		A00000000000000000000114 /* PromptTemplate.swift in Sources */ = {isa = PBXBuildFile; fileRef = A00000000000000000000245 /* PromptTemplate.swift */; };
		A00000000000000000000115 /* ResourceItem.swift in Sources */ = {isa = PBXBuildFile; fileRef = A00000000000000000000246 /* ResourceItem.swift */; };
		A00000000000000000000116 /* DailyReview.swift in Sources */ = {isa = PBXBuildFile; fileRef = A00000000000000000000247 /* DailyReview.swift */; };
		A00000000000000000000117 /* WeeklyReview.swift in Sources */ = {isa = PBXBuildFile; fileRef = A00000000000000000000248 /* WeeklyReview.swift */; };
		A00000000000000000000118 /* DateKey.swift in Sources */ = {isa = PBXBuildFile; fileRef = A00000000000000000000249 /* DateKey.swift */; };
		A00000000000000000000119 /* AppModelContainerFactory.swift in Sources */ = {isa = PBXBuildFile; fileRef = A00000000000000000000250 /* AppModelContainerFactory.swift */; };
		A00000000000000000000120 /* PromptTemplateSeeder.swift in Sources */ = {isa = PBXBuildFile; fileRef = A00000000000000000000251 /* PromptTemplateSeeder.swift */; };
		A00000000000000000000121 /* Stage2DebugPersistenceView.swift in Sources */ = {isa = PBXBuildFile; fileRef = A00000000000000000000252 /* Stage2DebugPersistenceView.swift */; };
		A00000000000000000000122 /* DayPlanStore.swift in Sources */ = {isa = PBXBuildFile; fileRef = A00000000000000000000253 /* DayPlanStore.swift */; };
		A00000000000000000000123 /* StudyTaskStore.swift in Sources */ = {isa = PBXBuildFile; fileRef = A00000000000000000000254 /* StudyTaskStore.swift */; };
		A00000000000000000000124 /* PromptTemplateStore.swift in Sources */ = {isa = PBXBuildFile; fileRef = A00000000000000000000255 /* PromptTemplateStore.swift */; };
		A00000000000000000000125 /* DailyReviewStore.swift in Sources */ = {isa = PBXBuildFile; fileRef = A00000000000000000000256 /* DailyReviewStore.swift */; };
		A00000000000000000000126 /* TodayCockpitView.swift in Sources */ = {isa = PBXBuildFile; fileRef = A00000000000000000000257 /* TodayCockpitView.swift */; };
		A00000000000000000000127 /* TaskListView.swift in Sources */ = {isa = PBXBuildFile; fileRef = A00000000000000000000258 /* TaskListView.swift */; };
		A00000000000000000000128 /* FocusSessionStore.swift in Sources */ = {isa = PBXBuildFile; fileRef = A00000000000000000000259 /* FocusSessionStore.swift */; };
		A00000000000000000000129 /* FocusSessionView.swift in Sources */ = {isa = PBXBuildFile; fileRef = A00000000000000000000260 /* FocusSessionView.swift */; };
		A00000000000000000000130 /* FocusSessionFinishSheet.swift in Sources */ = {isa = PBXBuildFile; fileRef = A00000000000000000000261 /* FocusSessionFinishSheet.swift */; };
		A00000000000000000000131 /* MistakeRecordStore.swift in Sources */ = {isa = PBXBuildFile; fileRef = A00000000000000000000262 /* MistakeRecordStore.swift */; };
		A00000000000000000000132 /* MistakeSurgeryView.swift in Sources */ = {isa = PBXBuildFile; fileRef = A00000000000000000000263 /* MistakeSurgeryView.swift */; };
		A00000000000000000000133 /* MistakeEditorView.swift in Sources */ = {isa = PBXBuildFile; fileRef = A00000000000000000000264 /* MistakeEditorView.swift */; };
		A00000000000000000000134 /* PromptRenderer.swift in Sources */ = {isa = PBXBuildFile; fileRef = A00000000000000000000265 /* PromptRenderer.swift */; };
		A00000000000000000000135 /* PromptLibraryView.swift in Sources */ = {isa = PBXBuildFile; fileRef = A00000000000000000000266 /* PromptLibraryView.swift */; };
		A00000000000000000000136 /* PromptTemplateDetailView.swift in Sources */ = {isa = PBXBuildFile; fileRef = A00000000000000000000267 /* PromptTemplateDetailView.swift */; };
		A00000000000000000000137 /* WeeklyReviewStore.swift in Sources */ = {isa = PBXBuildFile; fileRef = A00000000000000000000268 /* WeeklyReviewStore.swift */; };
		A00000000000000000000138 /* ReviewAggregationStore.swift in Sources */ = {isa = PBXBuildFile; fileRef = A00000000000000000000269 /* ReviewAggregationStore.swift */; };
		A00000000000000000000139 /* ReviewView.swift in Sources */ = {isa = PBXBuildFile; fileRef = A00000000000000000000271 /* ReviewView.swift */; };
		A00000000000000000000140 /* Assets.xcassets in Resources */ = {isa = PBXBuildFile; fileRef = A00000000000000000000270 /* Assets.xcassets */; };
		A00000000000000000000141 /* MistakeImageStore.swift in Sources */ = {isa = PBXBuildFile; fileRef = A00000000000000000000272 /* MistakeImageStore.swift */; };
		A00000000000000000000142 /* PlanTaskParser.swift in Sources */ = {isa = PBXBuildFile; fileRef = A00000000000000000000273 /* PlanTaskParser.swift */; };
		A00000000000000000000143 /* CameraImagePicker.swift in Sources */ = {isa = PBXBuildFile; fileRef = A00000000000000000000274 /* CameraImagePicker.swift */; };
		A00000000000000000000144 /* MistakeImagePreviewView.swift in Sources */ = {isa = PBXBuildFile; fileRef = A00000000000000000000275 /* MistakeImagePreviewView.swift */; };
		A00000000000000000000145 /* BackupExportStore.swift in Sources */ = {isa = PBXBuildFile; fileRef = A00000000000000000000276 /* BackupExportStore.swift */; };
		A00000000000000000000146 /* ShareSheet.swift in Sources */ = {isa = PBXBuildFile; fileRef = A00000000000000000000277 /* ShareSheet.swift */; };
		A00000000000000000000147 /* BackupExportView.swift in Sources */ = {isa = PBXBuildFile; fileRef = A00000000000000000000278 /* BackupExportView.swift */; };
		A00000000000000000000148 /* BackupValidationStore.swift in Sources */ = {isa = PBXBuildFile; fileRef = A00000000000000000000279 /* BackupValidationStore.swift */; };
		A00000000000000000000149 /* BackupImportDryRunStore.swift in Sources */ = {isa = PBXBuildFile; fileRef = A00000000000000000000280 /* BackupImportDryRunStore.swift */; };
		A00000000000000000000150 /* DocumentPicker.swift in Sources */ = {isa = PBXBuildFile; fileRef = A00000000000000000000281 /* DocumentPicker.swift */; };
		A00000000000000000000151 /* BackupRestorePlan.swift in Sources */ = {isa = PBXBuildFile; fileRef = A00000000000000000000282 /* BackupRestorePlan.swift */; };
		A00000000000000000000152 /* BackupRestorePlanBuilder.swift in Sources */ = {isa = PBXBuildFile; fileRef = A00000000000000000000283 /* BackupRestorePlanBuilder.swift */; };
		A00000000000000000000153 /* ModelValueTypes.swift in Sources */ = {isa = PBXBuildFile; fileRef = A00000000000000000000284 /* ModelValueTypes.swift */; };
		A00000000000000000000154 /* TodayHeaderSection.swift in Sources */ = {isa = PBXBuildFile; fileRef = A00000000000000000000285 /* TodayHeaderSection.swift */; };
		A00000000000000000000155 /* TodayLowEnergyBanner.swift in Sources */ = {isa = PBXBuildFile; fileRef = A00000000000000000000286 /* TodayLowEnergyBanner.swift */; };
		A00000000000000000000156 /* TodayPlanSection.swift in Sources */ = {isa = PBXBuildFile; fileRef = A00000000000000000000287 /* TodayPlanSection.swift */; };
		A00000000000000000000157 /* TodayPlanToTaskSheet.swift in Sources */ = {isa = PBXBuildFile; fileRef = A00000000000000000000288 /* TodayPlanToTaskSheet.swift */; };
		A00000000000000000000158 /* TodayTaskSummarySection.swift in Sources */ = {isa = PBXBuildFile; fileRef = A00000000000000000000289 /* TodayTaskSummarySection.swift */; };
		A00000000000000000000159 /* TodayTaskListPreviewSection.swift in Sources */ = {isa = PBXBuildFile; fileRef = A00000000000000000000290 /* TodayTaskListPreviewSection.swift */; };
		A00000000000000000000160 /* TodayTomorrowActionSection.swift in Sources */ = {isa = PBXBuildFile; fileRef = A00000000000000000000291 /* TodayTomorrowActionSection.swift */; };
		A00000000000000000000161 /* TodayUIPrimitives.swift in Sources */ = {isa = PBXBuildFile; fileRef = A00000000000000000000292 /* TodayUIPrimitives.swift */; };
		A00000000000000000000162 /* TaskSummaryCard.swift in Sources */ = {isa = PBXBuildFile; fileRef = A00000000000000000000293 /* TaskSummaryCard.swift */; };
		A00000000000000000000163 /* TaskFilterBar.swift in Sources */ = {isa = PBXBuildFile; fileRef = A00000000000000000000294 /* TaskFilterBar.swift */; };
		A00000000000000000000164 /* TaskRowView.swift in Sources */ = {isa = PBXBuildFile; fileRef = A00000000000000000000295 /* TaskRowView.swift */; };
		A00000000000000000000165 /* TaskEditorSheet.swift in Sources */ = {isa = PBXBuildFile; fileRef = A00000000000000000000296 /* TaskEditorSheet.swift */; };
		A00000000000000000000166 /* MistakeSummaryCard.swift in Sources */ = {isa = PBXBuildFile; fileRef = A00000000000000000000297 /* MistakeSummaryCard.swift */; };
		A00000000000000000000167 /* MistakeFilterBar.swift in Sources */ = {isa = PBXBuildFile; fileRef = A00000000000000000000298 /* MistakeFilterBar.swift */; };
		A00000000000000000000168 /* MistakeRowView.swift in Sources */ = {isa = PBXBuildFile; fileRef = A00000000000000000000299 /* MistakeRowView.swift */; };
		A00000000000000000000169 /* ReviewHeaderSection.swift in Sources */ = {isa = PBXBuildFile; fileRef = A00000000000000000000700 /* ReviewHeaderSection.swift */; };
		A00000000000000000000170 /* DailyReviewSection.swift in Sources */ = {isa = PBXBuildFile; fileRef = A00000000000000000000701 /* DailyReviewSection.swift */; };
		A00000000000000000000171 /* WeeklyReviewSection.swift in Sources */ = {isa = PBXBuildFile; fileRef = A00000000000000000000702 /* WeeklyReviewSection.swift */; };
		A00000000000000000000172 /* BackupEntrySection.swift in Sources */ = {isa = PBXBuildFile; fileRef = A00000000000000000000703 /* BackupEntrySection.swift */; };
		A00000000000000000000173 /* ReviewSummaryCard.swift in Sources */ = {isa = PBXBuildFile; fileRef = A00000000000000000000704 /* ReviewSummaryCard.swift */; };
		A00000000000000000000174 /* BackupExportSection.swift in Sources */ = {isa = PBXBuildFile; fileRef = A00000000000000000000705 /* BackupExportSection.swift */; };
		A00000000000000000000175 /* BackupDryRunSection.swift in Sources */ = {isa = PBXBuildFile; fileRef = A00000000000000000000706 /* BackupDryRunSection.swift */; };
		A00000000000000000000176 /* BackupRestorePlanPreviewSection.swift in Sources */ = {isa = PBXBuildFile; fileRef = A00000000000000000000707 /* BackupRestorePlanPreviewSection.swift */; };
		A00000000000000000000177 /* BackupSummaryRows.swift in Sources */ = {isa = PBXBuildFile; fileRef = A00000000000000000000708 /* BackupSummaryRows.swift */; };
		A00000000000000000000178 /* PromptVariableInputSection.swift in Sources */ = {isa = PBXBuildFile; fileRef = A00000000000000000000709 /* PromptVariableInputSection.swift */; };
		A00000000000000000000179 /* PromptPreviewSection.swift in Sources */ = {isa = PBXBuildFile; fileRef = A00000000000000000000710 /* PromptPreviewSection.swift */; };
		A00000000000000000000180 /* RecentPromptStore.swift in Sources */ = {isa = PBXBuildFile; fileRef = A0000000000000000000711 /* RecentPromptStore.swift */; };
		A00000000000000000003EF7DA /* PromptLibraryModel.swift in Sources */ = {isa = PBXBuildFile; fileRef = A0000000000000000000BB58CD /* PromptLibraryModel.swift */; };
		A00000000000000000006111C8 /* ReviewModel.swift in Sources */ = {isa = PBXBuildFile; fileRef = A0000000000000000000622DB3 /* ReviewModel.swift */; };
		A0000000000000000000635736 /* TodayCockpitModel.swift in Sources */ = {isa = PBXBuildFile; fileRef = A0000000000000000000F15E2C /* TodayCockpitModel.swift */; };
		A000000000000000000066BFAF /* MistakeSurgeryModel.swift in Sources */ = {isa = PBXBuildFile; fileRef = A000000000000000000032F06D /* MistakeSurgeryModel.swift */; };
		A00000000000000000006A129C /* TaskListModel.swift in Sources */ = {isa = PBXBuildFile; fileRef = A00000000000000000000F7F2A /* TaskListModel.swift */; };
		A0000000000000000000D33812 /* ToastOverlay.swift in Sources */ = {isa = PBXBuildFile; fileRef = A0000000000000000000F2E113 /* ToastOverlay.swift */; };
		A0000000000000000000D708D5 /* ToastManager.swift in Sources */ = {isa = PBXBuildFile; fileRef = A0000000000000000000D05B61 /* ToastManager.swift */; };
		B00000000000000000000101 /* PlanTaskParserTests.swift in Sources */ = {isa = PBXBuildFile; fileRef = B00000000000000000000201 /* PlanTaskParserTests.swift */; };
		B00000000000000000000102 /* DateKeyTests.swift in Sources */ = {isa = PBXBuildFile; fileRef = B00000000000000000000202 /* DateKeyTests.swift */; };
		B00000000000000000000103 /* PromptRendererTests.swift in Sources */ = {isa = PBXBuildFile; fileRef = B00000000000000000000203 /* PromptRendererTests.swift */; };
		B00000000000000000000104 /* BackupValidationStoreTests.swift in Sources */ = {isa = PBXBuildFile; fileRef = B00000000000000000000204 /* BackupValidationStoreTests.swift */; };
		B00000000000000000000105 /* StudyTaskStoreTests.swift in Sources */ = {isa = PBXBuildFile; fileRef = B00000000000000000000205 /* StudyTaskStoreTests.swift */; };
		BE241703A3BF48AD8AAFCF08 /* PromptTemplateEditorView.swift in Sources */ = {isa = PBXBuildFile; fileRef = 1A9D66CB75FB43EA8DC8E240 /* PromptTemplateEditorView.swift */; };
/* End PBXBuildFile section */

/* Begin PBXContainerItemProxy section */
		B00000000000000000000902 /* PBXContainerItemProxy */ = {
			isa = PBXContainerItemProxy;
			containerPortal = A00000000000000000000500 /* Project object */;
			proxyType = 1;
			remoteGlobalIDString = A00000000000000000000501;
			remoteInfo = GaokaoCockpit;
		};
/* End PBXContainerItemProxy section */

/* Begin PBXFileReference section */
		1A9D66CB75FB43EA8DC8E240 /* PromptTemplateEditorView.swift */ = {isa = PBXFileReference; lastKnownFileType = sourcecode.swift; path = PromptTemplateEditorView.swift; sourceTree = "<group>"; };
		99431A522FC416F6001ADEBF /* AnimationSystem.swift */ = {isa = PBXFileReference; lastKnownFileType = sourcecode.swift; path = AnimationSystem.swift; sourceTree = "<group>"; };
		99431A532FC416F6001ADEBF /* DesignSystem.swift */ = {isa = PBXFileReference; lastKnownFileType = sourcecode.swift; path = DesignSystem.swift; sourceTree = "<group>"; };
		99431A542FC416F6001ADEBF /* DSComponents.swift */ = {isa = PBXFileReference; lastKnownFileType = sourcecode.swift; path = DSComponents.swift; sourceTree = "<group>"; };
		99431A552FC416F6001ADEBF /* EncouragementSystem.swift */ = {isa = PBXFileReference; lastKnownFileType = sourcecode.swift; path = EncouragementSystem.swift; sourceTree = "<group>"; };
		99431A562FC416F6001ADEBF /* ThemeManager.swift */ = {isa = PBXFileReference; lastKnownFileType = sourcecode.swift; path = ThemeManager.swift; sourceTree = "<group>"; };
		99431A682FC41794001ADEBF /* DSBarChart.swift */ = {isa = PBXFileReference; lastKnownFileType = sourcecode.swift; path = DSBarChart.swift; sourceTree = "<group>"; };
		99431A692FC41794001ADEBF /* DSHeatMap.swift */ = {isa = PBXFileReference; lastKnownFileType = sourcecode.swift; path = DSHeatMap.swift; sourceTree = "<group>"; };
		99431A6A2FC41794001ADEBF /* DSLineChart.swift */ = {isa = PBXFileReference; lastKnownFileType = sourcecode.swift; path = DSLineChart.swift; sourceTree = "<group>"; };
		99431A6B2FC41794001ADEBF /* DSPieChart.swift */ = {isa = PBXFileReference; lastKnownFileType = sourcecode.swift; path = DSPieChart.swift; sourceTree = "<group>"; };
		99431A6C2FC41794001ADEBF /* DSRingChart.swift */ = {isa = PBXFileReference; lastKnownFileType = sourcecode.swift; path = DSRingChart.swift; sourceTree = "<group>"; };
		99431A732FC41856001ADEBF /* AchievementBadge.swift */ = {isa = PBXFileReference; lastKnownFileType = sourcecode.swift; path = AchievementBadge.swift; sourceTree = "<group>"; };
		99431A752FC4186D001ADEBF /* TodayAchievementCard.swift */ = {isa = PBXFileReference; lastKnownFileType = sourcecode.swift; path = TodayAchievementCard.swift; sourceTree = "<group>"; };
		A00000000000000000000201 /* GaokaoCockpitApp.swift */ = {isa = PBXFileReference; lastKnownFileType = sourcecode.swift; path = GaokaoCockpitApp.swift; sourceTree = "<group>"; };
		A00000000000000000000202 /* AppRootView.swift */ = {isa = PBXFileReference; lastKnownFileType = sourcecode.swift; path = AppRootView.swift; sourceTree = "<group>"; };
		A00000000000000000000203 /* TodayCockpitPlaceholderView.swift */ = {isa = PBXFileReference; lastKnownFileType = sourcecode.swift; path = TodayCockpitPlaceholderView.swift; sourceTree = "<group>"; };
		A00000000000000000000204 /* TaskListPlaceholderView.swift */ = {isa = PBXFileReference; lastKnownFileType = sourcecode.swift; path = TaskListPlaceholderView.swift; sourceTree = "<group>"; };
		A00000000000000000000205 /* FocusSessionPlaceholderView.swift */ = {isa = PBXFileReference; lastKnownFileType = sourcecode.swift; path = FocusSessionPlaceholderView.swift; sourceTree = "<group>"; };
		A00000000000000000000206 /* MistakeSurgeryPlaceholderView.swift */ = {isa = PBXFileReference; lastKnownFileType = sourcecode.swift; path = MistakeSurgeryPlaceholderView.swift; sourceTree = "<group>"; };
		A00000000000000000000207 /* PromptLibraryPlaceholderView.swift */ = {isa = PBXFileReference; lastKnownFileType = sourcecode.swift; path = PromptLibraryPlaceholderView.swift; sourceTree = "<group>"; };
		A00000000000000000000208 /* ReviewPlaceholderView.swift */ = {isa = PBXFileReference; lastKnownFileType = sourcecode.swift; path = ReviewPlaceholderView.swift; sourceTree = "<group>"; };
		A00000000000000000000209 /* README.md */ = {isa = PBXFileReference; lastKnownFileType = net.daringfireball.markdown; name = README.md; path = Models/README.md; sourceTree = "<group>"; };
		A00000000000000000000210 /* README.md */ = {isa = PBXFileReference; lastKnownFileType = net.daringfireball.markdown; name = README.md; path = Stores/README.md; sourceTree = "<group>"; };
		A00000000000000000000211 /* README.md */ = {isa = PBXFileReference; lastKnownFileType = net.daringfireball.markdown; name = README.md; path = Resources/README.md; sourceTree = "<group>"; };
		A00000000000000000000220 /* README.md */ = {isa = PBXFileReference; lastKnownFileType = net.daringfireball.markdown; path = README.md; sourceTree = "<group>"; };
		A00000000000000000000221 /* PRODUCT_SPEC.md */ = {isa = PBXFileReference; lastKnownFileType = net.daringfireball.markdown; path = PRODUCT_SPEC.md; sourceTree = "<group>"; };
		A00000000000000000000222 /* DATA_MODEL.md */ = {isa = PBXFileReference; lastKnownFileType = net.daringfireball.markdown; path = DATA_MODEL.md; sourceTree = "<group>"; };
		A00000000000000000000223 /* UX_FLOW.md */ = {isa = PBXFileReference; lastKnownFileType = net.daringfireball.markdown; path = UX_FLOW.md; sourceTree = "<group>"; };
		A00000000000000000000224 /* ROADMAP.md */ = {isa = PBXFileReference; lastKnownFileType = net.daringfireball.markdown; path = ROADMAP.md; sourceTree = "<group>"; };
		A00000000000000000000225 /* PROMPT_TEMPLATES.md */ = {isa = PBXFileReference; lastKnownFileType = net.daringfireball.markdown; path = PROMPT_TEMPLATES.md; sourceTree = "<group>"; };
		A00000000000000000000230 /* GaokaoCockpit.app */ = {isa = PBXFileReference; explicitFileType = wrapper.application; includeInIndex = 0; path = GaokaoCockpit.app; sourceTree = BUILT_PRODUCTS_DIR; };
		A00000000000000000000240 /* ModelDefaults.swift */ = {isa = PBXFileReference; lastKnownFileType = sourcecode.swift; path = ModelDefaults.swift; sourceTree = "<group>"; };
		A00000000000000000000241 /* DayPlan.swift */ = {isa = PBXFileReference; lastKnownFileType = sourcecode.swift; path = DayPlan.swift; sourceTree = "<group>"; };
		A00000000000000000000242 /* StudyTask.swift */ = {isa = PBXFileReference; lastKnownFileType = sourcecode.swift; path = StudyTask.swift; sourceTree = "<group>"; };
		A00000000000000000000243 /* FocusSession.swift */ = {isa = PBXFileReference; lastKnownFileType = sourcecode.swift; path = FocusSession.swift; sourceTree = "<group>"; };
		A00000000000000000000244 /* MistakeRecord.swift */ = {isa = PBXFileReference; lastKnownFileType = sourcecode.swift; path = MistakeRecord.swift; sourceTree = "<group>"; };
		A00000000000000000000245 /* PromptTemplate.swift */ = {isa = PBXFileReference; lastKnownFileType = sourcecode.swift; path = PromptTemplate.swift; sourceTree = "<group>"; };
		A00000000000000000000246 /* ResourceItem.swift */ = {isa = PBXFileReference; lastKnownFileType = sourcecode.swift; path = ResourceItem.swift; sourceTree = "<group>"; };
		A00000000000000000000247 /* DailyReview.swift */ = {isa = PBXFileReference; lastKnownFileType = sourcecode.swift; path = DailyReview.swift; sourceTree = "<group>"; };
		A00000000000000000000248 /* WeeklyReview.swift */ = {isa = PBXFileReference; lastKnownFileType = sourcecode.swift; path = WeeklyReview.swift; sourceTree = "<group>"; };
		A00000000000000000000249 /* DateKey.swift */ = {isa = PBXFileReference; lastKnownFileType = sourcecode.swift; path = DateKey.swift; sourceTree = "<group>"; };
		A00000000000000000000250 /* AppModelContainerFactory.swift */ = {isa = PBXFileReference; lastKnownFileType = sourcecode.swift; path = AppModelContainerFactory.swift; sourceTree = "<group>"; };
		A00000000000000000000251 /* PromptTemplateSeeder.swift */ = {isa = PBXFileReference; lastKnownFileType = sourcecode.swift; path = PromptTemplateSeeder.swift; sourceTree = "<group>"; };
		A00000000000000000000252 /* Stage2DebugPersistenceView.swift */ = {isa = PBXFileReference; lastKnownFileType = sourcecode.swift; path = Stage2DebugPersistenceView.swift; sourceTree = "<group>"; };
		A00000000000000000000253 /* DayPlanStore.swift */ = {isa = PBXFileReference; lastKnownFileType = sourcecode.swift; path = DayPlanStore.swift; sourceTree = "<group>"; };
		A00000000000000000000254 /* StudyTaskStore.swift */ = {isa = PBXFileReference; lastKnownFileType = sourcecode.swift; path = StudyTaskStore.swift; sourceTree = "<group>"; };
		A00000000000000000000255 /* PromptTemplateStore.swift */ = {isa = PBXFileReference; lastKnownFileType = sourcecode.swift; path = PromptTemplateStore.swift; sourceTree = "<group>"; };
		A00000000000000000000256 /* DailyReviewStore.swift */ = {isa = PBXFileReference; lastKnownFileType = sourcecode.swift; path = DailyReviewStore.swift; sourceTree = "<group>"; };
		A00000000000000000000257 /* TodayCockpitView.swift */ = {isa = PBXFileReference; lastKnownFileType = sourcecode.swift; path = TodayCockpitView.swift; sourceTree = "<group>"; };
		A00000000000000000000258 /* TaskListView.swift */ = {isa = PBXFileReference; lastKnownFileType = sourcecode.swift; path = TaskListView.swift; sourceTree = "<group>"; };
		A00000000000000000000259 /* FocusSessionStore.swift */ = {isa = PBXFileReference; lastKnownFileType = sourcecode.swift; path = FocusSessionStore.swift; sourceTree = "<group>"; };
		A00000000000000000000260 /* FocusSessionView.swift */ = {isa = PBXFileReference; lastKnownFileType = sourcecode.swift; path = FocusSessionView.swift; sourceTree = "<group>"; };
		A00000000000000000000261 /* FocusSessionFinishSheet.swift */ = {isa = PBXFileReference; lastKnownFileType = sourcecode.swift; path = FocusSessionFinishSheet.swift; sourceTree = "<group>"; };
		A00000000000000000000262 /* MistakeRecordStore.swift */ = {isa = PBXFileReference; lastKnownFileType = sourcecode.swift; path = MistakeRecordStore.swift; sourceTree = "<group>"; };
		A00000000000000000000263 /* MistakeSurgeryView.swift */ = {isa = PBXFileReference; lastKnownFileType = sourcecode.swift; path = MistakeSurgeryView.swift; sourceTree = "<group>"; };
		A00000000000000000000264 /* MistakeEditorView.swift */ = {isa = PBXFileReference; lastKnownFileType = sourcecode.swift; path = MistakeEditorView.swift; sourceTree = "<group>"; };
		A00000000000000000000265 /* PromptRenderer.swift */ = {isa = PBXFileReference; lastKnownFileType = sourcecode.swift; path = PromptRenderer.swift; sourceTree = "<group>"; };
		A00000000000000000000266 /* PromptLibraryView.swift */ = {isa = PBXFileReference; lastKnownFileType = sourcecode.swift; path = PromptLibraryView.swift; sourceTree = "<group>"; };
		A00000000000000000000267 /* PromptTemplateDetailView.swift */ = {isa = PBXFileReference; lastKnownFileType = sourcecode.swift; path = PromptTemplateDetailView.swift; sourceTree = "<group>"; };
		A00000000000000000000268 /* WeeklyReviewStore.swift */ = {isa = PBXFileReference; lastKnownFileType = sourcecode.swift; path = WeeklyReviewStore.swift; sourceTree = "<group>"; };
		A00000000000000000000269 /* ReviewAggregationStore.swift */ = {isa = PBXFileReference; lastKnownFileType = sourcecode.swift; path = ReviewAggregationStore.swift; sourceTree = "<group>"; };
		A00000000000000000000270 /* Assets.xcassets */ = {isa = PBXFileReference; lastKnownFileType = folder.assetcatalog; path = Assets.xcassets; sourceTree = "<group>"; };
		A00000000000000000000271 /* ReviewView.swift */ = {isa = PBXFileReference; lastKnownFileType = sourcecode.swift; path = ReviewView.swift; sourceTree = "<group>"; };
		A00000000000000000000272 /* MistakeImageStore.swift */ = {isa = PBXFileReference; lastKnownFileType = sourcecode.swift; path = MistakeImageStore.swift; sourceTree = "<group>"; };
		A00000000000000000000273 /* PlanTaskParser.swift */ = {isa = PBXFileReference; lastKnownFileType = sourcecode.swift; path = PlanTaskParser.swift; sourceTree = "<group>"; };
		A00000000000000000000274 /* CameraImagePicker.swift */ = {isa = PBXFileReference; lastKnownFileType = sourcecode.swift; path = CameraImagePicker.swift; sourceTree = "<group>"; };
		A00000000000000000000275 /* MistakeImagePreviewView.swift */ = {isa = PBXFileReference; lastKnownFileType = sourcecode.swift; path = MistakeImagePreviewView.swift; sourceTree = "<group>"; };
		A00000000000000000000276 /* BackupExportStore.swift */ = {isa = PBXFileReference; lastKnownFileType = sourcecode.swift; path = BackupExportStore.swift; sourceTree = "<group>"; };
		A00000000000000000000277 /* ShareSheet.swift */ = {isa = PBXFileReference; lastKnownFileType = sourcecode.swift; path = ShareSheet.swift; sourceTree = "<group>"; };
		A00000000000000000000278 /* BackupExportView.swift */ = {isa = PBXFileReference; lastKnownFileType = sourcecode.swift; path = BackupExportView.swift; sourceTree = "<group>"; };
		A00000000000000000000279 /* BackupValidationStore.swift */ = {isa = PBXFileReference; lastKnownFileType = sourcecode.swift; path = BackupValidationStore.swift; sourceTree = "<group>"; };
		A00000000000000000000280 /* BackupImportDryRunStore.swift */ = {isa = PBXFileReference; lastKnownFileType = sourcecode.swift; path = BackupImportDryRunStore.swift; sourceTree = "<group>"; };
		A00000000000000000000281 /* DocumentPicker.swift */ = {isa = PBXFileReference; lastKnownFileType = sourcecode.swift; path = DocumentPicker.swift; sourceTree = "<group>"; };
		A00000000000000000000282 /* BackupRestorePlan.swift */ = {isa = PBXFileReference; lastKnownFileType = sourcecode.swift; path = BackupRestorePlan.swift; sourceTree = "<group>"; };
		A00000000000000000000283 /* BackupRestorePlanBuilder.swift */ = {isa = PBXFileReference; lastKnownFileType = sourcecode.swift; path = BackupRestorePlanBuilder.swift; sourceTree = "<group>"; };
		A00000000000000000000284 /* ModelValueTypes.swift */ = {isa = PBXFileReference; lastKnownFileType = sourcecode.swift; path = ModelValueTypes.swift; sourceTree = "<group>"; };
		A00000000000000000000285 /* TodayHeaderSection.swift */ = {isa = PBXFileReference; lastKnownFileType = sourcecode.swift; path = TodayHeaderSection.swift; sourceTree = "<group>"; };
		A00000000000000000000286 /* TodayLowEnergyBanner.swift */ = {isa = PBXFileReference; lastKnownFileType = sourcecode.swift; path = TodayLowEnergyBanner.swift; sourceTree = "<group>"; };
		A00000000000000000000287 /* TodayPlanSection.swift */ = {isa = PBXFileReference; lastKnownFileType = sourcecode.swift; path = TodayPlanSection.swift; sourceTree = "<group>"; };
		A00000000000000000000288 /* TodayPlanToTaskSheet.swift */ = {isa = PBXFileReference; lastKnownFileType = sourcecode.swift; path = TodayPlanToTaskSheet.swift; sourceTree = "<group>"; };
		A00000000000000000000289 /* TodayTaskSummarySection.swift */ = {isa = PBXFileReference; lastKnownFileType = sourcecode.swift; path = TodayTaskSummarySection.swift; sourceTree = "<group>"; };
		A00000000000000000000290 /* TodayTaskListPreviewSection.swift */ = {isa = PBXFileReference; lastKnownFileType = sourcecode.swift; path = TodayTaskListPreviewSection.swift; sourceTree = "<group>"; };
		A00000000000000000000291 /* TodayTomorrowActionSection.swift */ = {isa = PBXFileReference; lastKnownFileType = sourcecode.swift; path = TodayTomorrowActionSection.swift; sourceTree = "<group>"; };
		A00000000000000000000292 /* TodayUIPrimitives.swift */ = {isa = PBXFileReference; lastKnownFileType = sourcecode.swift; path = TodayUIPrimitives.swift; sourceTree = "<group>"; };
		A00000000000000000000293 /* TaskSummaryCard.swift */ = {isa = PBXFileReference; lastKnownFileType = sourcecode.swift; path = TaskSummaryCard.swift; sourceTree = "<group>"; };
		A00000000000000000000294 /* TaskFilterBar.swift */ = {isa = PBXFileReference; lastKnownFileType = sourcecode.swift; path = TaskFilterBar.swift; sourceTree = "<group>"; };
		A00000000000000000000295 /* TaskRowView.swift */ = {isa = PBXFileReference; lastKnownFileType = sourcecode.swift; path = TaskRowView.swift; sourceTree = "<group>"; };
		A00000000000000000000296 /* TaskEditorSheet.swift */ = {isa = PBXFileReference; lastKnownFileType = sourcecode.swift; path = TaskEditorSheet.swift; sourceTree = "<group>"; };
		A00000000000000000000297 /* MistakeSummaryCard.swift */ = {isa = PBXFileReference; lastKnownFileType = sourcecode.swift; path = MistakeSummaryCard.swift; sourceTree = "<group>"; };
		A00000000000000000000298 /* MistakeFilterBar.swift */ = {isa = PBXFileReference; lastKnownFileType = sourcecode.swift; path = MistakeFilterBar.swift; sourceTree = "<group>"; };
		A00000000000000000000299 /* MistakeRowView.swift */ = {isa = PBXFileReference; lastKnownFileType = sourcecode.swift; path = MistakeRowView.swift; sourceTree = "<group>"; };
		A00000000000000000000700 /* ReviewHeaderSection.swift */ = {isa = PBXFileReference; lastKnownFileType = sourcecode.swift; path = ReviewHeaderSection.swift; sourceTree = "<group>"; };
		A00000000000000000000701 /* DailyReviewSection.swift */ = {isa = PBXFileReference; lastKnownFileType = sourcecode.swift; path = DailyReviewSection.swift; sourceTree = "<group>"; };
		A00000000000000000000702 /* WeeklyReviewSection.swift */ = {isa = PBXFileReference; lastKnownFileType = sourcecode.swift; path = WeeklyReviewSection.swift; sourceTree = "<group>"; };
		A00000000000000000000703 /* BackupEntrySection.swift */ = {isa = PBXFileReference; lastKnownFileType = sourcecode.swift; path = BackupEntrySection.swift; sourceTree = "<group>"; };
		A00000000000000000000704 /* ReviewSummaryCard.swift */ = {isa = PBXFileReference; lastKnownFileType = sourcecode.swift; path = ReviewSummaryCard.swift; sourceTree = "<group>"; };
		A00000000000000000000705 /* BackupExportSection.swift */ = {isa = PBXFileReference; lastKnownFileType = sourcecode.swift; path = BackupExportSection.swift; sourceTree = "<group>"; };
		A00000000000000000000706 /* BackupDryRunSection.swift */ = {isa = PBXFileReference; lastKnownFileType = sourcecode.swift; path = BackupDryRunSection.swift; sourceTree = "<group>"; };
		A00000000000000000000707 /* BackupRestorePlanPreviewSection.swift */ = {isa = PBXFileReference; lastKnownFileType = sourcecode.swift; path = BackupRestorePlanPreviewSection.swift; sourceTree = "<group>"; };
		A00000000000000000000708 /* BackupSummaryRows.swift */ = {isa = PBXFileReference; lastKnownFileType = sourcecode.swift; path = BackupSummaryRows.swift; sourceTree = "<group>"; };
		A00000000000000000000709 /* PromptVariableInputSection.swift */ = {isa = PBXFileReference; lastKnownFileType = sourcecode.swift; path = PromptVariableInputSection.swift; sourceTree = "<group>"; };
		A00000000000000000000710 /* PromptPreviewSection.swift */ = {isa = PBXFileReference; lastKnownFileType = sourcecode.swift; path = PromptPreviewSection.swift; sourceTree = "<group>"; };
		A00000000000000000000F7F2A /* TaskListModel.swift */ = {isa = PBXFileReference; lastKnownFileType = sourcecode.swift; path = TaskListModel.swift; sourceTree = "<group>"; };
		A000000000000000000032F06D /* MistakeSurgeryModel.swift */ = {isa = PBXFileReference; lastKnownFileType = sourcecode.swift; path = MistakeSurgeryModel.swift; sourceTree = "<group>"; };
		A0000000000000000000622DB3 /* ReviewModel.swift */ = {isa = PBXFileReference; lastKnownFileType = sourcecode.swift; path = ReviewModel.swift; sourceTree = "<group>"; };
		A0000000000000000000711 /* RecentPromptStore.swift */ = {isa = PBXFileReference; lastKnownFileType = sourcecode.swift; path = RecentPromptStore.swift; sourceTree = "<group>"; };
		A0000000000000000000A8B3CA /* HapticFeedback.swift */ = {isa = PBXFileReference; lastKnownFileType = sourcecode.swift; path = HapticFeedback.swift; sourceTree = "<group>"; };
		A0000000000000000000BB58CD /* PromptLibraryModel.swift */ = {isa = PBXFileReference; lastKnownFileType = sourcecode.swift; path = PromptLibraryModel.swift; sourceTree = "<group>"; };
		A0000000000000000000D05B61 /* ToastManager.swift */ = {isa = PBXFileReference; lastKnownFileType = sourcecode.swift; path = ToastManager.swift; sourceTree = "<group>"; };
		A0000000000000000000F15E2C /* TodayCockpitModel.swift */ = {isa = PBXFileReference; lastKnownFileType = sourcecode.swift; path = TodayCockpitModel.swift; sourceTree = "<group>"; };
		A0000000000000000000F2E113 /* ToastOverlay.swift */ = {isa = PBXFileReference; lastKnownFileType = sourcecode.swift; path = ToastOverlay.swift; sourceTree = "<group>"; };
		B00000000000000000000201 /* PlanTaskParserTests.swift */ = {isa = PBXFileReference; lastKnownFileType = sourcecode.swift; path = PlanTaskParserTests.swift; sourceTree = "<group>"; };
		B00000000000000000000202 /* DateKeyTests.swift */ = {isa = PBXFileReference; lastKnownFileType = sourcecode.swift; path = DateKeyTests.swift; sourceTree = "<group>"; };
		B00000000000000000000203 /* PromptRendererTests.swift */ = {isa = PBXFileReference; lastKnownFileType = sourcecode.swift; path = PromptRendererTests.swift; sourceTree = "<group>"; };
		B00000000000000000000204 /* BackupValidationStoreTests.swift */ = {isa = PBXFileReference; lastKnownFileType = sourcecode.swift; path = BackupValidationStoreTests.swift; sourceTree = "<group>"; };
		B00000000000000000000205 /* StudyTaskStoreTests.swift */ = {isa = PBXFileReference; lastKnownFileType = sourcecode.swift; path = StudyTaskStoreTests.swift; sourceTree = "<group>"; };
		B00000000000000000000230 /* GaokaoCockpitTests.xctest */ = {isa = PBXFileReference; explicitFileType = wrapper.cfbundle; includeInIndex = 0; path = GaokaoCockpitTests.xctest; sourceTree = BUILT_PRODUCTS_DIR; };
/* End PBXFileReference section */

/* Begin PBXFrameworksBuildPhase section */
		A00000000000000000000301 /* Frameworks */ = {
			isa = PBXFrameworksBuildPhase;
			buildActionMask = 2147483647;
			files = (
			);
			runOnlyForDeploymentPostprocessing = 0;
		};
		B00000000000000000000301 /* Frameworks */ = {
			isa = PBXFrameworksBuildPhase;
			buildActionMask = 2147483647;
			files = (
			);
			runOnlyForDeploymentPostprocessing = 0;
		};
/* End PBXFrameworksBuildPhase section */

/* Begin PBXGroup section */
		99431A572FC416F6001ADEBF /* DesignSystem */ = {
			isa = PBXGroup;
			children = (
				99431A522FC416F6001ADEBF /* AnimationSystem.swift */,
				99431A532FC416F6001ADEBF /* DesignSystem.swift */,
				99431A542FC416F6001ADEBF /* DSComponents.swift */,
				99431A552FC416F6001ADEBF /* EncouragementSystem.swift */,
				99431A562FC416F6001ADEBF /* ThemeManager.swift */,
			);
			path = DesignSystem;
			sourceTree = "<group>";
		};
		99431A6D2FC41794001ADEBF /* Charts */ = {
			isa = PBXGroup;
			children = (
				99431A682FC41794001ADEBF /* DSBarChart.swift */,
				99431A692FC41794001ADEBF /* DSHeatMap.swift */,
				99431A6A2FC41794001ADEBF /* DSLineChart.swift */,
				99431A6B2FC41794001ADEBF /* DSPieChart.swift */,
				99431A6C2FC41794001ADEBF /* DSRingChart.swift */,
			);
			path = Charts;
			sourceTree = "<group>";
		};
		A00000000000000000000401 = {
			isa = PBXGroup;
			children = (
				99431A752FC4186D001ADEBF /* TodayAchievementCard.swift */,
				99431A732FC41856001ADEBF /* AchievementBadge.swift */,
				A00000000000000000000402 /* GaokaoCockpit */,
				B00000000000000000000440 /* GaokaoCockpitTests */,
				A00000000000000000000420 /* docs */,
				A00000000000000000000220 /* README.md */,
				A00000000000000000000430 /* Products */,
				99431A6D2FC41794001ADEBF /* Charts */,
				99431A572FC416F6001ADEBF /* DesignSystem */,
			);
			sourceTree = "<group>";
		};
		A00000000000000000000402 /* GaokaoCockpit */ = {
			isa = PBXGroup;
			children = (
				A00000000000000000000201 /* GaokaoCockpitApp.swift */,
				A00000000000000000000202 /* AppRootView.swift */,
				A00000000000000000000403 /* Views */,
				A00000000000000000000410 /* Models */,
				A00000000000000000000411 /* Stores */,
				A00000000000000000000412 /* Resources */,
			);
			path = GaokaoCockpit;
			sourceTree = "<group>";
		};
		A00000000000000000000403 /* Views */ = {
			isa = PBXGroup;
			children = (
				A00000000000000000000413 /* Backup */,
				A00000000000000000000414 /* Shared */,
				A00000000000000000000404 /* Today */,
				A00000000000000000000405 /* Tasks */,
				A00000000000000000000406 /* Focus */,
				A00000000000000000000407 /* Mistakes */,
				A00000000000000000000408 /* Prompts */,
				A00000000000000000000409 /* Reviews */,
			);
			path = Views;
			sourceTree = "<group>";
		};
		A00000000000000000000404 /* Today */ = {
			isa = PBXGroup;
			children = (
				A00000000000000000000257 /* TodayCockpitView.swift */,
				A00000000000000000000415 /* Components */,
				A00000000000000000000203 /* TodayCockpitPlaceholderView.swift */,
				A00000000000000000000252 /* Stage2DebugPersistenceView.swift */,
			);
			path = Today;
			sourceTree = "<group>";
		};
		A00000000000000000000405 /* Tasks */ = {
			isa = PBXGroup;
			children = (
				A00000000000000000000258 /* TaskListView.swift */,
				A00000000000000000000416 /* Components */,
				A00000000000000000000204 /* TaskListPlaceholderView.swift */,
			);
			path = Tasks;
			sourceTree = "<group>";
		};
		A00000000000000000000406 /* Focus */ = {
			isa = PBXGroup;
			children = (
				A00000000000000000000260 /* FocusSessionView.swift */,
				A00000000000000000000261 /* FocusSessionFinishSheet.swift */,
				A00000000000000000000205 /* FocusSessionPlaceholderView.swift */,
			);
			path = Focus;
			sourceTree = "<group>";
		};
		A00000000000000000000407 /* Mistakes */ = {
			isa = PBXGroup;
			children = (
				A00000000000000000000263 /* MistakeSurgeryView.swift */,
				A00000000000000000000417 /* Components */,
				A00000000000000000000264 /* MistakeEditorView.swift */,
				A00000000000000000000275 /* MistakeImagePreviewView.swift */,
				A00000000000000000000274 /* CameraImagePicker.swift */,
				A00000000000000000000206 /* MistakeSurgeryPlaceholderView.swift */,
			);
			path = Mistakes;
			sourceTree = "<group>";
		};
		A00000000000000000000408 /* Prompts */ = {
			isa = PBXGroup;
			children = (
				A00000000000000000000266 /* PromptLibraryView.swift */,
				A00000000000000000000418 /* Components */,
				A00000000000000000000267 /* PromptTemplateDetailView.swift */,
				1A9D66CB75FB43EA8DC8E240 /* PromptTemplateEditorView.swift */,
				A00000000000000000000207 /* PromptLibraryPlaceholderView.swift */,
			);
			path = Prompts;
			sourceTree = "<group>";
		};
		A00000000000000000000409 /* Reviews */ = {
			isa = PBXGroup;
			children = (
				A00000000000000000000271 /* ReviewView.swift */,
				A00000000000000000000419 /* Components */,
				A00000000000000000000208 /* ReviewPlaceholderView.swift */,
			);
			path = Reviews;
			sourceTree = "<group>";
		};
		A00000000000000000000410 /* Models */ = {
			isa = PBXGroup;
			children = (
				A00000000000000000000240 /* ModelDefaults.swift */,
				A00000000000000000000284 /* ModelValueTypes.swift */,
				A00000000000000000000241 /* DayPlan.swift */,
				A00000000000000000000242 /* StudyTask.swift */,
				A00000000000000000000243 /* FocusSession.swift */,
				A00000000000000000000244 /* MistakeRecord.swift */,
				A00000000000000000000245 /* PromptTemplate.swift */,
				A00000000000000000000246 /* ResourceItem.swift */,
				A00000000000000000000247 /* DailyReview.swift */,
				A00000000000000000000248 /* WeeklyReview.swift */,
				A00000000000000000000209 /* README.md */,
			);
			path = Models;
			sourceTree = "<group>";
		};
		A00000000000000000000411 /* Stores */ = {
			isa = PBXGroup;
			children = (
				A00000000000000000000249 /* DateKey.swift */,
				A00000000000000000000250 /* AppModelContainerFactory.swift */,
				A00000000000000000000251 /* PromptTemplateSeeder.swift */,
				A00000000000000000000253 /* DayPlanStore.swift */,
				A00000000000000000000254 /* StudyTaskStore.swift */,
				A00000000000000000000273 /* PlanTaskParser.swift */,
				A00000000000000000000259 /* FocusSessionStore.swift */,
				A00000000000000000000262 /* MistakeRecordStore.swift */,
				A00000000000000000000272 /* MistakeImageStore.swift */,
				A00000000000000000000276 /* BackupExportStore.swift */,
				A00000000000000000000279 /* BackupValidationStore.swift */,
				A00000000000000000000280 /* BackupImportDryRunStore.swift */,
				A00000000000000000000282 /* BackupRestorePlan.swift */,
				A00000000000000000000283 /* BackupRestorePlanBuilder.swift */,
				A00000000000000000000255 /* PromptTemplateStore.swift */,
				A0000000000000000000711 /* RecentPromptStore.swift */,
				A00000000000000000000265 /* PromptRenderer.swift */,
				A00000000000000000000256 /* DailyReviewStore.swift */,
				A00000000000000000000268 /* WeeklyReviewStore.swift */,
				A00000000000000000000269 /* ReviewAggregationStore.swift */,
				A00000000000000000000210 /* README.md */,
				A0000000000000000000297AAA /* ViewModels */,
				A0000000000000000000B7374E /* Feedback */,
			);
			path = Stores;
			sourceTree = "<group>";
		};
		A00000000000000000000412 /* Resources */ = {
			isa = PBXGroup;
			children = (
				A00000000000000000000211 /* README.md */,
				A00000000000000000000270 /* Assets.xcassets */,
			);
			path = Resources;
			sourceTree = "<group>";
		};
		A00000000000000000000413 /* Backup */ = {
			isa = PBXGroup;
			children = (
				A00000000000000000000278 /* BackupExportView.swift */,
				A00000000000000000000421 /* Components */,
			);
			path = Backup;
			sourceTree = "<group>";
		};
		A00000000000000000000414 /* Shared */ = {
			isa = PBXGroup;
			children = (
				A00000000000000000000277 /* ShareSheet.swift */,
				A00000000000000000000281 /* DocumentPicker.swift */,
				A0000000000000000000F2E113 /* ToastOverlay.swift */,
			);
			path = Shared;
			sourceTree = "<group>";
		};
		A00000000000000000000415 /* Components */ = {
			isa = PBXGroup;
			children = (
				A00000000000000000000285 /* TodayHeaderSection.swift */,
				A00000000000000000000286 /* TodayLowEnergyBanner.swift */,
				A00000000000000000000287 /* TodayPlanSection.swift */,
				A00000000000000000000288 /* TodayPlanToTaskSheet.swift */,
				A00000000000000000000289 /* TodayTaskSummarySection.swift */,
				A00000000000000000000290 /* TodayTaskListPreviewSection.swift */,
				A00000000000000000000291 /* TodayTomorrowActionSection.swift */,
				A00000000000000000000292 /* TodayUIPrimitives.swift */,
			);
			path = Components;
			sourceTree = "<group>";
		};
		A00000000000000000000416 /* Components */ = {
			isa = PBXGroup;
			children = (
				A00000000000000000000293 /* TaskSummaryCard.swift */,
				A00000000000000000000294 /* TaskFilterBar.swift */,
				A00000000000000000000295 /* TaskRowView.swift */,
				A00000000000000000000296 /* TaskEditorSheet.swift */,
			);
			path = Components;
			sourceTree = "<group>";
		};
		A00000000000000000000417 /* Components */ = {
			isa = PBXGroup;
			children = (
				A00000000000000000000297 /* MistakeSummaryCard.swift */,
				A00000000000000000000298 /* MistakeFilterBar.swift */,
				A00000000000000000000299 /* MistakeRowView.swift */,
			);
			path = Components;
			sourceTree = "<group>";
		};
		A00000000000000000000418 /* Components */ = {
			isa = PBXGroup;
			children = (
				A00000000000000000000709 /* PromptVariableInputSection.swift */,
				A00000000000000000000710 /* PromptPreviewSection.swift */,
			);
			path = Components;
			sourceTree = "<group>";
		};
		A00000000000000000000419 /* Components */ = {
			isa = PBXGroup;
			children = (
				A00000000000000000000700 /* ReviewHeaderSection.swift */,
				A00000000000000000000701 /* DailyReviewSection.swift */,
				A00000000000000000000702 /* WeeklyReviewSection.swift */,
				A00000000000000000000703 /* BackupEntrySection.swift */,
				A00000000000000000000704 /* ReviewSummaryCard.swift */,
			);
			path = Components;
			sourceTree = "<group>";
		};
		A00000000000000000000420 /* docs */ = {
			isa = PBXGroup;
			children = (
				A00000000000000000000221 /* PRODUCT_SPEC.md */,
				A00000000000000000000222 /* DATA_MODEL.md */,
				A00000000000000000000223 /* UX_FLOW.md */,
				A00000000000000000000224 /* ROADMAP.md */,
				A00000000000000000000225 /* PROMPT_TEMPLATES.md */,
			);
			path = docs;
			sourceTree = "<group>";
		};
		A00000000000000000000421 /* Components */ = {
			isa = PBXGroup;
			children = (
				A00000000000000000000705 /* BackupExportSection.swift */,
				A00000000000000000000706 /* BackupDryRunSection.swift */,
				A00000000000000000000707 /* BackupRestorePlanPreviewSection.swift */,
				A00000000000000000000708 /* BackupSummaryRows.swift */,
			);
			path = Components;
			sourceTree = "<group>";
		};
		A00000000000000000000430 /* Products */ = {
			isa = PBXGroup;
			children = (
				A00000000000000000000230 /* GaokaoCockpit.app */,
				B00000000000000000000230 /* GaokaoCockpitTests.xctest */,
			);
			name = Products;
			sourceTree = "<group>";
		};
		A0000000000000000000297AAA /* ViewModels */ = {
			isa = PBXGroup;
			children = (
				A0000000000000000000F15E2C /* TodayCockpitModel.swift */,
				A00000000000000000000F7F2A /* TaskListModel.swift */,
				A000000000000000000032F06D /* MistakeSurgeryModel.swift */,
				A0000000000000000000622DB3 /* ReviewModel.swift */,
				A0000000000000000000BB58CD /* PromptLibraryModel.swift */,
			);
			path = ViewModels;
			sourceTree = "<group>";
		};
		A0000000000000000000B7374E /* Feedback */ = {
			isa = PBXGroup;
			children = (
				A0000000000000000000A8B3CA /* HapticFeedback.swift */,
				A0000000000000000000D05B61 /* ToastManager.swift */,
			);
			path = Feedback;
			sourceTree = "<group>";
		};
		B00000000000000000000440 /* GaokaoCockpitTests */ = {
			isa = PBXGroup;
			children = (
				B00000000000000000000201 /* PlanTaskParserTests.swift */,
				B00000000000000000000202 /* DateKeyTests.swift */,
				B00000000000000000000203 /* PromptRendererTests.swift */,
				B00000000000000000000204 /* BackupValidationStoreTests.swift */,
				B00000000000000000000205 /* StudyTaskStoreTests.swift */,
			);
			path = GaokaoCockpitTests;
			sourceTree = "<group>";
		};
/* End PBXGroup section */

/* Begin PBXNativeTarget section */
		A00000000000000000000501 /* GaokaoCockpit */ = {
			isa = PBXNativeTarget;
			buildConfigurationList = A00000000000000000000610 /* Build configuration list for PBXNativeTarget "GaokaoCockpit" */;
			buildPhases = (
				A00000000000000000000310 /* Sources */,
				A00000000000000000000301 /* Frameworks */,
				A00000000000000000000320 /* Resources */,
			);
			buildRules = (
			);
			dependencies = (
			);
			name = GaokaoCockpit;
			productName = GaokaoCockpit;
			productReference = A00000000000000000000230 /* GaokaoCockpit.app */;
			productType = "com.apple.product-type.application";
		};
		B00000000000000000000501 /* GaokaoCockpitTests */ = {
			isa = PBXNativeTarget;
			buildConfigurationList = B00000000000000000000610 /* Build configuration list for PBXNativeTarget "GaokaoCockpitTests" */;
			buildPhases = (
				B00000000000000000000310 /* Sources */,
				B00000000000000000000301 /* Frameworks */,
				B00000000000000000000320 /* Resources */,
			);
			buildRules = (
			);
			dependencies = (
				B00000000000000000000901 /* PBXTargetDependency */,
			);
			name = GaokaoCockpitTests;
			productName = GaokaoCockpitTests;
			productReference = B00000000000000000000230 /* GaokaoCockpitTests.xctest */;
			productType = "com.apple.product-type.bundle.unit-test";
		};
/* End PBXNativeTarget section */

/* Begin PBXProject section */
		A00000000000000000000500 /* Project object */ = {
			isa = PBXProject;
			attributes = {
				BuildIndependentTargetsInParallel = 1;
				LastSwiftUpdateCheck = 2630;
				LastUpgradeCheck = 2630;
				TargetAttributes = {
					A00000000000000000000501 = {
						CreatedOnToolsVersion = 26.3;
					};
					B00000000000000000000501 = {
						CreatedOnToolsVersion = 26.3;
						TestTargetID = A00000000000000000000501;
					};
				};
			};
			buildConfigurationList = A00000000000000000000600 /* Build configuration list for PBXProject "GaokaoCockpit" */;
			compatibilityVersion = "Xcode 14.0";
			developmentRegion = en;
			hasScannedForEncodings = 0;
			knownRegions = (
				en,
				Base,
			);
			mainGroup = A00000000000000000000401;
			productRefGroup = A00000000000000000000430 /* Products */;
			projectDirPath = "";
			projectRoot = "";
			targets = (
				A00000000000000000000501 /* GaokaoCockpit */,
				B00000000000000000000501 /* GaokaoCockpitTests */,
			);
		};
/* End PBXProject section */

/* Begin PBXResourcesBuildPhase section */
		A00000000000000000000320 /* Resources */ = {
			isa = PBXResourcesBuildPhase;
			buildActionMask = 2147483647;
			files = (
				A00000000000000000000140 /* Assets.xcassets in Resources */,
			);
			runOnlyForDeploymentPostprocessing = 0;
		};
		B00000000000000000000320 /* Resources */ = {
			isa = PBXResourcesBuildPhase;
			buildActionMask = 2147483647;
			files = (
			);
			runOnlyForDeploymentPostprocessing = 0;
		};
/* End PBXResourcesBuildPhase section */

/* Begin PBXSourcesBuildPhase section */
		A00000000000000000000310 /* Sources */ = {
			isa = PBXSourcesBuildPhase;
			buildActionMask = 2147483647;
			files = (
				A00000000000000000000101 /* GaokaoCockpitApp.swift in Sources */,
				A00000000000000000000102 /* AppRootView.swift in Sources */,
				A00000000000000000000126 /* TodayCockpitView.swift in Sources */,
				A00000000000000000000154 /* TodayHeaderSection.swift in Sources */,
				A00000000000000000000155 /* TodayLowEnergyBanner.swift in Sources */,
				A00000000000000000000156 /* TodayPlanSection.swift in Sources */,
				A00000000000000000000157 /* TodayPlanToTaskSheet.swift in Sources */,
				A00000000000000000000158 /* TodayTaskSummarySection.swift in Sources */,
				A00000000000000000000159 /* TodayTaskListPreviewSection.swift in Sources */,
				A00000000000000000000160 /* TodayTomorrowActionSection.swift in Sources */,
				A00000000000000000000161 /* TodayUIPrimitives.swift in Sources */,
				A00000000000000000000103 /* TodayCockpitPlaceholderView.swift in Sources */,
				A00000000000000000000127 /* TaskListView.swift in Sources */,
				A00000000000000000000162 /* TaskSummaryCard.swift in Sources */,
				A00000000000000000000163 /* TaskFilterBar.swift in Sources */,
				A00000000000000000000164 /* TaskRowView.swift in Sources */,
				A00000000000000000000165 /* TaskEditorSheet.swift in Sources */,
				A00000000000000000000104 /* TaskListPlaceholderView.swift in Sources */,
				A00000000000000000000129 /* FocusSessionView.swift in Sources */,
				A00000000000000000000130 /* FocusSessionFinishSheet.swift in Sources */,
				A00000000000000000000105 /* FocusSessionPlaceholderView.swift in Sources */,
				A00000000000000000000132 /* MistakeSurgeryView.swift in Sources */,
				A00000000000000000000166 /* MistakeSummaryCard.swift in Sources */,
				A00000000000000000000167 /* MistakeFilterBar.swift in Sources */,
				A00000000000000000000168 /* MistakeRowView.swift in Sources */,
				A00000000000000000000133 /* MistakeEditorView.swift in Sources */,
				A00000000000000000000144 /* MistakeImagePreviewView.swift in Sources */,
				A00000000000000000000143 /* CameraImagePicker.swift in Sources */,
				A00000000000000000000106 /* MistakeSurgeryPlaceholderView.swift in Sources */,
				A00000000000000000000135 /* PromptLibraryView.swift in Sources */,
				A00000000000000000000178 /* PromptVariableInputSection.swift in Sources */,
				A00000000000000000000179 /* PromptPreviewSection.swift in Sources */,
				A00000000000000000000136 /* PromptTemplateDetailView.swift in Sources */,
				99431A762FC4186D001ADEBF /* TodayAchievementCard.swift in Sources */,
				99431A742FC41856001ADEBF /* AchievementBadge.swift in Sources */,
				BE241703A3BF48AD8AAFCF08 /* PromptTemplateEditorView.swift in Sources */,
				A00000000000000000000107 /* PromptLibraryPlaceholderView.swift in Sources */,
				A00000000000000000000139 /* ReviewView.swift in Sources */,
				A00000000000000000000169 /* ReviewHeaderSection.swift in Sources */,
				A00000000000000000000170 /* DailyReviewSection.swift in Sources */,
				A00000000000000000000171 /* WeeklyReviewSection.swift in Sources */,
				A00000000000000000000172 /* BackupEntrySection.swift in Sources */,
				A00000000000000000000173 /* ReviewSummaryCard.swift in Sources */,
				A00000000000000000000108 /* ReviewPlaceholderView.swift in Sources */,
				A00000000000000000000147 /* BackupExportView.swift in Sources */,
				A00000000000000000000174 /* BackupExportSection.swift in Sources */,
				A00000000000000000000175 /* BackupDryRunSection.swift in Sources */,
				A00000000000000000000176 /* BackupRestorePlanPreviewSection.swift in Sources */,
				A00000000000000000000177 /* BackupSummaryRows.swift in Sources */,
				A00000000000000000000146 /* ShareSheet.swift in Sources */,
				A00000000000000000000150 /* DocumentPicker.swift in Sources */,
				A00000000000000000000109 /* ModelDefaults.swift in Sources */,
				A00000000000000000000153 /* ModelValueTypes.swift in Sources */,
				A00000000000000000000110 /* DayPlan.swift in Sources */,
				A00000000000000000000111 /* StudyTask.swift in Sources */,
				A00000000000000000000112 /* FocusSession.swift in Sources */,
				A00000000000000000000113 /* MistakeRecord.swift in Sources */,
				A00000000000000000000114 /* PromptTemplate.swift in Sources */,
				A00000000000000000000115 /* ResourceItem.swift in Sources */,
				A00000000000000000000116 /* DailyReview.swift in Sources */,
				A00000000000000000000117 /* WeeklyReview.swift in Sources */,
				A00000000000000000000118 /* DateKey.swift in Sources */,
				A00000000000000000000119 /* AppModelContainerFactory.swift in Sources */,
				A00000000000000000000120 /* PromptTemplateSeeder.swift in Sources */,
				A00000000000000000000121 /* Stage2DebugPersistenceView.swift in Sources */,
				A00000000000000000000122 /* DayPlanStore.swift in Sources */,
				A00000000000000000000123 /* StudyTaskStore.swift in Sources */,
				A00000000000000000000142 /* PlanTaskParser.swift in Sources */,
				99431A6E2FC41794001ADEBF /* DSBarChart.swift in Sources */,
				99431A6F2FC41794001ADEBF /* DSHeatMap.swift in Sources */,
				99431A702FC41794001ADEBF /* DSLineChart.swift in Sources */,
				99431A712FC41794001ADEBF /* DSRingChart.swift in Sources */,
				99431A722FC41794001ADEBF /* DSPieChart.swift in Sources */,
				A00000000000000000000128 /* FocusSessionStore.swift in Sources */,
				A00000000000000000000131 /* MistakeRecordStore.swift in Sources */,
				A00000000000000000000141 /* MistakeImageStore.swift in Sources */,
				A00000000000000000000145 /* BackupExportStore.swift in Sources */,
				A00000000000000000000148 /* BackupValidationStore.swift in Sources */,
				A00000000000000000000149 /* BackupImportDryRunStore.swift in Sources */,
				A00000000000000000000151 /* BackupRestorePlan.swift in Sources */,
				A00000000000000000000152 /* BackupRestorePlanBuilder.swift in Sources */,
				A00000000000000000000124 /* PromptTemplateStore.swift in Sources */,
				A00000000000000000000180 /* RecentPromptStore.swift in Sources */,
				A00000000000000000000134 /* PromptRenderer.swift in Sources */,
				99431A582FC416F6001ADEBF /* EncouragementSystem.swift in Sources */,
				99431A592FC416F6001ADEBF /* DesignSystem.swift in Sources */,
				99431A5A2FC416F6001ADEBF /* AnimationSystem.swift in Sources */,
				99431A5B2FC416F6001ADEBF /* DSComponents.swift in Sources */,
				99431A5C2FC416F6001ADEBF /* ThemeManager.swift in Sources */,
				A00000000000000000000125 /* DailyReviewStore.swift in Sources */,
				A00000000000000000000137 /* WeeklyReviewStore.swift in Sources */,
				A00000000000000000000138 /* ReviewAggregationStore.swift in Sources */,
				A0000000000000000000635736 /* TodayCockpitModel.swift in Sources */,
				A00000000000000000006A129C /* TaskListModel.swift in Sources */,
				A000000000000000000066BFAF /* MistakeSurgeryModel.swift in Sources */,
				A00000000000000000006111C8 /* ReviewModel.swift in Sources */,
				A00000000000000000003EF7DA /* PromptLibraryModel.swift in Sources */,
				A000000000000000000000DCE7 /* HapticFeedback.swift in Sources */,
				A0000000000000000000D708D5 /* ToastManager.swift in Sources */,
				A0000000000000000000D33812 /* ToastOverlay.swift in Sources */,
			);
			runOnlyForDeploymentPostprocessing = 0;
		};
		B00000000000000000000310 /* Sources */ = {
			isa = PBXSourcesBuildPhase;
			buildActionMask = 2147483647;
			files = (
				B00000000000000000000101 /* PlanTaskParserTests.swift in Sources */,
				B00000000000000000000102 /* DateKeyTests.swift in Sources */,
				B00000000000000000000103 /* PromptRendererTests.swift in Sources */,
				B00000000000000000000104 /* BackupValidationStoreTests.swift in Sources */,
				B00000000000000000000105 /* StudyTaskStoreTests.swift in Sources */,
			);
			runOnlyForDeploymentPostprocessing = 0;
		};
/* End PBXSourcesBuildPhase section */

/* Begin PBXTargetDependency section */
		B00000000000000000000901 /* PBXTargetDependency */ = {
			isa = PBXTargetDependency;
			target = A00000000000000000000501 /* GaokaoCockpit */;
			targetProxy = B00000000000000000000902 /* PBXContainerItemProxy */;
		};
/* End PBXTargetDependency section */

/* Begin XCBuildConfiguration section */
		A00000000000000000000601 /* Debug */ = {
			isa = XCBuildConfiguration;
			buildSettings = {
				ALWAYS_SEARCH_USER_PATHS = NO;
				CLANG_ANALYZER_NONNULL = YES;
				CLANG_ANALYZER_NUMBER_OBJECT_CONVERSION = YES_AGGRESSIVE;
				CLANG_CXX_LANGUAGE_STANDARD = "gnu++20";
				CLANG_ENABLE_MODULES = YES;
				CLANG_ENABLE_OBJC_ARC = YES;
				CLANG_ENABLE_OBJC_WEAK = YES;
				CLANG_WARN_BLOCK_CAPTURE_AUTORELEASING = YES;
				CLANG_WARN_BOOL_CONVERSION = YES;
				CLANG_WARN_COMMA = YES;
				CLANG_WARN_CONSTANT_CONVERSION = YES;
				CLANG_WARN_DEPRECATED_OBJC_IMPLEMENTATIONS = YES;
				CLANG_WARN_DIRECT_OBJC_ISA_USAGE = YES_ERROR;
				CLANG_WARN_DOCUMENTATION_COMMENTS = YES;
				CLANG_WARN_EMPTY_BODY = YES;
				CLANG_WARN_ENUM_CONVERSION = YES;
				CLANG_WARN_INFINITE_RECURSION = YES;
				CLANG_WARN_INT_CONVERSION = YES;
				CLANG_WARN_NON_LITERAL_NULL_CONVERSION = YES;
				CLANG_WARN_OBJC_IMPLICIT_RETAIN_SELF = YES;
				CLANG_WARN_OBJC_LITERAL_CONVERSION = YES;
				CLANG_WARN_OBJC_ROOT_CLASS = YES_ERROR;
				CLANG_WARN_QUOTED_INCLUDE_IN_FRAMEWORK_HEADER = YES;
				CLANG_WARN_RANGE_LOOP_ANALYSIS = YES;
				CLANG_WARN_STRICT_PROTOTYPES = YES;
				CLANG_WARN_SUSPICIOUS_MOVE = YES;
				CLANG_WARN_UNGUARDED_AVAILABILITY = YES_AGGRESSIVE;
				CLANG_WARN_UNREACHABLE_CODE = YES;
				CLANG_WARN__DUPLICATE_METHOD_MATCH = YES;
				COPY_PHASE_STRIP = NO;
				DEBUG_INFORMATION_FORMAT = dwarf;
				ENABLE_STRICT_OBJC_MSGSEND = YES;
				ENABLE_TESTABILITY = YES;
				GCC_C_LANGUAGE_STANDARD = gnu17;
				GCC_DYNAMIC_NO_PIC = NO;
				GCC_NO_COMMON_BLOCKS = YES;
				GCC_OPTIMIZATION_LEVEL = 0;
				GCC_PREPROCESSOR_DEFINITIONS = (
					"DEBUG=1",
					"$(inherited)",
				);
				GCC_WARN_64_TO_32_BIT_CONVERSION = YES;
				GCC_WARN_ABOUT_RETURN_TYPE = YES_ERROR;
				GCC_WARN_UNDECLARED_SELECTOR = YES;
				GCC_WARN_UNINITIALIZED_AUTOS = YES_AGGRESSIVE;
				GCC_WARN_UNUSED_FUNCTION = YES;
				GCC_WARN_UNUSED_VARIABLE = YES;
				IPHONEOS_DEPLOYMENT_TARGET = 17.0;
				LOCALIZATION_PREFERS_STRING_CATALOGS = YES;
				MTL_ENABLE_DEBUG_INFO = INCLUDE_SOURCE;
				MTL_FAST_MATH = YES;
				ONLY_ACTIVE_ARCH = YES;
				SDKROOT = iphoneos;
				SWIFT_ACTIVE_COMPILATION_CONDITIONS = DEBUG;
				SWIFT_OPTIMIZATION_LEVEL = "-Onone";
			};
			name = Debug;
		};
		A00000000000000000000602 /* Release */ = {
			isa = XCBuildConfiguration;
			buildSettings = {
				ALWAYS_SEARCH_USER_PATHS = NO;
				CLANG_ANALYZER_NONNULL = YES;
				CLANG_ANALYZER_NUMBER_OBJECT_CONVERSION = YES_AGGRESSIVE;
				CLANG_CXX_LANGUAGE_STANDARD = "gnu++20";
				CLANG_ENABLE_MODULES = YES;
				CLANG_ENABLE_OBJC_ARC = YES;
				CLANG_ENABLE_OBJC_WEAK = YES;
				CLANG_WARN_BLOCK_CAPTURE_AUTORELEASING = YES;
				CLANG_WARN_BOOL_CONVERSION = YES;
				CLANG_WARN_COMMA = YES;
				CLANG_WARN_CONSTANT_CONVERSION = YES;
				CLANG_WARN_DEPRECATED_OBJC_IMPLEMENTATIONS = YES;
				CLANG_WARN_DIRECT_OBJC_ISA_USAGE = YES_ERROR;
				CLANG_WARN_DOCUMENTATION_COMMENTS = YES;
				CLANG_WARN_EMPTY_BODY = YES;
				CLANG_WARN_ENUM_CONVERSION = YES;
				CLANG_WARN_INFINITE_RECURSION = YES;
				CLANG_WARN_INT_CONVERSION = YES;
				CLANG_WARN_NON_LITERAL_NULL_CONVERSION = YES;
				CLANG_WARN_OBJC_IMPLICIT_RETAIN_SELF = YES;
				CLANG_WARN_OBJC_LITERAL_CONVERSION = YES;
				CLANG_WARN_OBJC_ROOT_CLASS = YES_ERROR;
				CLANG_WARN_QUOTED_INCLUDE_IN_FRAMEWORK_HEADER = YES;
				CLANG_WARN_RANGE_LOOP_ANALYSIS = YES;
				CLANG_WARN_STRICT_PROTOTYPES = YES;
				CLANG_WARN_SUSPICIOUS_MOVE = YES;
				CLANG_WARN_UNGUARDED_AVAILABILITY = YES_AGGRESSIVE;
				CLANG_WARN_UNREACHABLE_CODE = YES;
				CLANG_WARN__DUPLICATE_METHOD_MATCH = YES;
				COPY_PHASE_STRIP = NO;
				DEBUG_INFORMATION_FORMAT = "dwarf-with-dsym";
				ENABLE_NS_ASSERTIONS = NO;
				ENABLE_STRICT_OBJC_MSGSEND = YES;
				GCC_C_LANGUAGE_STANDARD = gnu17;
				GCC_NO_COMMON_BLOCKS = YES;
				GCC_WARN_64_TO_32_BIT_CONVERSION = YES;
				GCC_WARN_ABOUT_RETURN_TYPE = YES_ERROR;
				GCC_WARN_UNDECLARED_SELECTOR = YES;
				GCC_WARN_UNINITIALIZED_AUTOS = YES_AGGRESSIVE;
				GCC_WARN_UNUSED_FUNCTION = YES;
				GCC_WARN_UNUSED_VARIABLE = YES;
				IPHONEOS_DEPLOYMENT_TARGET = 17.0;
				LOCALIZATION_PREFERS_STRING_CATALOGS = YES;
				MTL_ENABLE_DEBUG_INFO = NO;
				MTL_FAST_MATH = YES;
				SDKROOT = iphoneos;
				SWIFT_COMPILATION_MODE = wholemodule;
				SWIFT_OPTIMIZATION_LEVEL = "-O";
				VALIDATE_PRODUCT = YES;
			};
			name = Release;
		};
		A00000000000000000000611 /* Debug */ = {
			isa = XCBuildConfiguration;
			buildSettings = {
				ASSETCATALOG_COMPILER_APPICON_NAME = AppIcon;
				CODE_SIGN_STYLE = Automatic;
				CURRENT_PROJECT_VERSION = 1;
				DEVELOPMENT_ASSET_PATHS = "";
				DEVELOPMENT_TEAM = P56JXVRJM2;
				ENABLE_PREVIEWS = YES;
				GENERATE_INFOPLIST_FILE = YES;
				INFOPLIST_KEY_CFBundleDisplayName = "高考驾驶舱";
				INFOPLIST_KEY_LSApplicationCategoryType = "public.app-category.education";
				INFOPLIST_KEY_NSCameraUsageDescription = "用于拍摄错题图片并保存到本地错题记录中。";
				INFOPLIST_KEY_UIApplicationSceneManifest_Generation = YES;
				INFOPLIST_KEY_UILaunchScreen_Generation = YES;
				INFOPLIST_KEY_UISupportedInterfaceOrientations = "UIInterfaceOrientationPortrait UIInterfaceOrientationLandscapeLeft UIInterfaceOrientationLandscapeRight";
				INFOPLIST_KEY_UISupportedInterfaceOrientations_iPad = "UIInterfaceOrientationPortrait UIInterfaceOrientationPortraitUpsideDown UIInterfaceOrientationLandscapeLeft UIInterfaceOrientationLandscapeRight";
				IPHONEOS_DEPLOYMENT_TARGET = 17.0;
				LD_RUNPATH_SEARCH_PATHS = (
					"$(inherited)",
					"@executable_path/Frameworks",
				);
				MARKETING_VERSION = 1.0;
				PRODUCT_BUNDLE_IDENTIFIER = com.shennaitong.GaokaoCockpit;
				PRODUCT_NAME = "$(TARGET_NAME)";
				SUPPORTED_PLATFORMS = "iphoneos iphonesimulator";
				SUPPORTS_MACCATALYST = NO;
				SUPPORTS_MAC_DESIGNED_FOR_IPHONE_IPAD = NO;
				SWIFT_EMIT_LOC_STRINGS = YES;
				SWIFT_VERSION = 5.0;
				TARGETED_DEVICE_FAMILY = "1,2";
			};
			name = Debug;
		};
		A00000000000000000000612 /* Release */ = {
			isa = XCBuildConfiguration;
			buildSettings = {
				ASSETCATALOG_COMPILER_APPICON_NAME = AppIcon;
				CODE_SIGN_STYLE = Automatic;
				CURRENT_PROJECT_VERSION = 1;
				DEVELOPMENT_ASSET_PATHS = "";
				DEVELOPMENT_TEAM = P56JXVRJM2;
				ENABLE_PREVIEWS = YES;
				GENERATE_INFOPLIST_FILE = YES;
				INFOPLIST_KEY_CFBundleDisplayName = "高考驾驶舱";
				INFOPLIST_KEY_LSApplicationCategoryType = "public.app-category.education";
				INFOPLIST_KEY_NSCameraUsageDescription = "用于拍摄错题图片并保存到本地错题记录中。";
				INFOPLIST_KEY_UIApplicationSceneManifest_Generation = YES;
				INFOPLIST_KEY_UILaunchScreen_Generation = YES;
				INFOPLIST_KEY_UISupportedInterfaceOrientations = "UIInterfaceOrientationPortrait UIInterfaceOrientationLandscapeLeft UIInterfaceOrientationLandscapeRight";
				INFOPLIST_KEY_UISupportedInterfaceOrientations_iPad = "UIInterfaceOrientationPortrait UIInterfaceOrientationPortraitUpsideDown UIInterfaceOrientationLandscapeLeft UIInterfaceOrientationLandscapeRight";
				IPHONEOS_DEPLOYMENT_TARGET = 17.0;
				LD_RUNPATH_SEARCH_PATHS = (
					"$(inherited)",
					"@executable_path/Frameworks",
				);
				MARKETING_VERSION = 1.0;
				PRODUCT_BUNDLE_IDENTIFIER = com.shennaitong.GaokaoCockpit;
				PRODUCT_NAME = "$(TARGET_NAME)";
				SUPPORTED_PLATFORMS = "iphoneos iphonesimulator";
				SUPPORTS_MACCATALYST = NO;
				SUPPORTS_MAC_DESIGNED_FOR_IPHONE_IPAD = NO;
				SWIFT_EMIT_LOC_STRINGS = YES;
				SWIFT_VERSION = 5.0;
				TARGETED_DEVICE_FAMILY = "1,2";
			};
			name = Release;
		};
		B00000000000000000000611 /* Debug */ = {
			isa = XCBuildConfiguration;
			buildSettings = {
				ALWAYS_EMBED_SWIFT_STANDARD_LIBRARIES = YES;
				BUNDLE_LOADER = "$(TEST_HOST)";
				CODE_SIGN_STYLE = Automatic;
				CURRENT_PROJECT_VERSION = 1;
				DEVELOPMENT_TEAM = P56JXVRJM2;
				GENERATE_INFOPLIST_FILE = YES;
				IPHONEOS_DEPLOYMENT_TARGET = 17.0;
				LD_RUNPATH_SEARCH_PATHS = (
					"$(inherited)",
					"@executable_path/Frameworks",
					"@loader_path/Frameworks",
				);
				MARKETING_VERSION = 1.0;
				PRODUCT_BUNDLE_IDENTIFIER = com.shennaitong.GaokaoCockpitTests;
				PRODUCT_NAME = "$(TARGET_NAME)";
				SUPPORTED_PLATFORMS = "iphoneos iphonesimulator";
				SWIFT_EMIT_LOC_STRINGS = NO;
				SWIFT_VERSION = 5.0;
				TARGETED_DEVICE_FAMILY = "1,2";
				TEST_HOST = "$(BUILT_PRODUCTS_DIR)/GaokaoCockpit.app/$(BUNDLE_EXECUTABLE_FOLDER_PATH)/GaokaoCockpit";
				TEST_TARGET_NAME = GaokaoCockpit;
			};
			name = Debug;
		};
		B00000000000000000000612 /* Release */ = {
			isa = XCBuildConfiguration;
			buildSettings = {
				ALWAYS_EMBED_SWIFT_STANDARD_LIBRARIES = YES;
				BUNDLE_LOADER = "$(TEST_HOST)";
				CODE_SIGN_STYLE = Automatic;
				CURRENT_PROJECT_VERSION = 1;
				DEVELOPMENT_TEAM = P56JXVRJM2;
				GENERATE_INFOPLIST_FILE = YES;
				IPHONEOS_DEPLOYMENT_TARGET = 17.0;
				LD_RUNPATH_SEARCH_PATHS = (
					"$(inherited)",
					"@executable_path/Frameworks",
					"@loader_path/Frameworks",
				);
				MARKETING_VERSION = 1.0;
				PRODUCT_BUNDLE_IDENTIFIER = com.shennaitong.GaokaoCockpitTests;
				PRODUCT_NAME = "$(TARGET_NAME)";
				SUPPORTED_PLATFORMS = "iphoneos iphonesimulator";
				SWIFT_EMIT_LOC_STRINGS = NO;
				SWIFT_VERSION = 5.0;
				TARGETED_DEVICE_FAMILY = "1,2";
				TEST_HOST = "$(BUILT_PRODUCTS_DIR)/GaokaoCockpit.app/$(BUNDLE_EXECUTABLE_FOLDER_PATH)/GaokaoCockpit";
				TEST_TARGET_NAME = GaokaoCockpit;
			};
			name = Release;
		};
/* End XCBuildConfiguration section */

/* Begin XCConfigurationList section */
		A00000000000000000000600 /* Build configuration list for PBXProject "GaokaoCockpit" */ = {
			isa = XCConfigurationList;
			buildConfigurations = (
				A00000000000000000000601 /* Debug */,
				A00000000000000000000602 /* Release */,
			);
			defaultConfigurationIsVisible = 0;
			defaultConfigurationName = Release;
		};
		A00000000000000000000610 /* Build configuration list for PBXNativeTarget "GaokaoCockpit" */ = {
			isa = XCConfigurationList;
			buildConfigurations = (
				A00000000000000000000611 /* Debug */,
				A00000000000000000000612 /* Release */,
			);
			defaultConfigurationIsVisible = 0;
			defaultConfigurationName = Release;
		};
		B00000000000000000000610 /* Build configuration list for PBXNativeTarget "GaokaoCockpitTests" */ = {
			isa = XCConfigurationList;
			buildConfigurations = (
				B00000000000000000000611 /* Debug */,
				B00000000000000000000612 /* Release */,
			);
			defaultConfigurationIsVisible = 0;
			defaultConfigurationName = Release;
		};
/* End XCConfigurationList section */
	};
	rootObject = A00000000000000000000500 /* Project object */;
}
